
Microsoft Visual Studio Solution File, Format Version 11.00
# Visual Studio 2010
Project("{FAE04EC0-301F-11D3-BF4B-00C04F79EFBC}") = "NAnt.NUnit2ReportTasks", "NUnit2Report\NAnt.NUnit2ReportTasks.csproj", "{2E5B5C38-A645-43F3-A689-95AE0840A571}"
EndProject
Global
	GlobalSection(SolutionConfigurationPlatforms) = preSolution
		Debug|Any CPU = Debug|Any CPU
		Release|Any CPU = Release|Any CPU
	EndGlobalSection
	GlobalSection(ProjectConfigurationPlatforms) = postSolution
		{2E5B5C38-A645-43F3-A689-95AE0840A571}.Debug|Any CPU.ActiveCfg = Debug|Any CPU
		{2E5B5C38-A645-43F3-A689-95AE0840A571}.Debug|Any CPU.Build.0 = Debug|Any CPU
		{2E5B5C38-A645-43F3-A689-95AE0840A571}.Release|Any CPU.ActiveCfg = Release|Any CPU
		{2E5B5C38-A645-43F3-A689-95AE0840A571}.Release|Any CPU.Build.0 = Release|Any CPU
	EndGlobalSection
	GlobalSection(SolutionProperties) = preSolution
		HideSolutionNode = FALSE
	EndGlobalSection
EndGlobal
